
Microsoft Visual Studio Solution File, Format Version 12.00
# Visual Studio Version 16
VisualStudioVersion = 16.0.30907.101
MinimumVisualStudioVersion = 10.0.40219.1
Project("{FAE04EC0-301F-11D3-BF4B-00C04F79EFBC}") = "sms-sender", "sms-sender\sms-sender.csproj", "{32887A43-00ED-442B-81D3-9A2087952419}"
EndProject
Global
	GlobalSection(SolutionConfigurationPlatforms) = preSolution
		Debug|Any CPU = Debug|Any CPU
		Release|Any CPU = Release|Any CPU
	EndGlobalSection
	GlobalSection(ProjectConfigurationPlatforms) = postSolution
		{32887A43-00ED-442B-81D3-9A2087952419}.Debug|Any CPU.ActiveCfg = Debug|Any CPU
		{32887A43-00ED-442B-81D3-9A2087952419}.Debug|Any CPU.Build.0 = Debug|Any CPU
		{32887A43-00ED-442B-81D3-9A2087952419}.Release|Any CPU.ActiveCfg = Release|Any CPU
		{32887A43-00ED-442B-81D3-9A2087952419}.Release|Any CPU.Build.0 = Release|Any CPU
	EndGlobalSection
	GlobalSection(SolutionProperties) = preSolution
		HideSolutionNode = FALSE
	EndGlobalSection
	GlobalSection(ExtensibilityGlobals) = postSolution
		SolutionGuid = {3AFBAF3D-F3F4-438A-AB2D-03CED8F0FB46}
	EndGlobalSection
EndGlobal
